
Microsoft Visual Studio Solution File, Format Version 12.00
# Visual Studio Version 16
VisualStudioVersion = 16.0.30523.141
MinimumVisualStudioVersion = 10.0.40219.1
Project("{FAE04EC0-301F-11D3-BF4B-00C04F79EFBC}") = "KomodoCafe", "GoldBadgeAgain\KomodoCafe.csproj", "{44A99192-0CDA-42E9-B942-257760635C43}"
EndProject
Project("{FAE04EC0-301F-11D3-BF4B-00C04F79EFBC}") = "KomodoMenuUI", "KomodoMenuUI\KomodoMenuUI.csproj", "{58F5A94B-EACF-47F2-8291-C9A48F8D54E0}"
EndProject
Project("{FAE04EC0-301F-11D3-BF4B-00C04F79EFBC}") = "KomodoRepoTests", "KomodoRepoTests\KomodoRepoTests.csproj", "{7C60032A-FA42-42B1-B7BE-05B69C5229F1}"
EndProject
Project("{2150E333-8FDC-42A3-9474-1A3956D46DE8}") = "Challenge 1 Komodo Cafe", "Challenge 1 Komodo Cafe", "{5FCA8204-91A7-4FF5-B87A-5CCF86A7664E}"
EndProject
Project("{FAE04EC0-301F-11D3-BF4B-00C04F79EFBC}") = "KomodoInsurance", "KomodoInsurance\KomodoInsurance.csproj", "{22AA29DB-64F9-4024-BD3F-FA90DBF65E88}"
EndProject
Project("{FAE04EC0-301F-11D3-BF4B-00C04F79EFBC}") = "KomodoInsuranceUI", "KomodoInsuranceUI\KomodoInsuranceUI.csproj", "{4D2A05FB-B815-4D52-A246-EBE4740F98DC}"
EndProject
Project("{FAE04EC0-301F-11D3-BF4B-00C04F79EFBC}") = "KomodoInsuranceTests", "KomodoInsuranceTests\KomodoInsuranceTests.csproj", "{E3A5A4F3-05EC-4680-ABB7-24E1A0374A18}"
EndProject
Global
	GlobalSection(SolutionConfigurationPlatforms) = preSolution
		Debug|Any CPU = Debug|Any CPU
		Release|Any CPU = Release|Any CPU
	EndGlobalSection
	GlobalSection(ProjectConfigurationPlatforms) = postSolution
		{44A99192-0CDA-42E9-B942-257760635C43}.Debug|Any CPU.ActiveCfg = Debug|Any CPU
		{44A99192-0CDA-42E9-B942-257760635C43}.Debug|Any CPU.Build.0 = Debug|Any CPU
		{44A99192-0CDA-42E9-B942-257760635C43}.Release|Any CPU.ActiveCfg = Release|Any CPU
		{44A99192-0CDA-42E9-B942-257760635C43}.Release|Any CPU.Build.0 = Release|Any CPU
		{58F5A94B-EACF-47F2-8291-C9A48F8D54E0}.Debug|Any CPU.ActiveCfg = Debug|Any CPU
		{58F5A94B-EACF-47F2-8291-C9A48F8D54E0}.Debug|Any CPU.Build.0 = Debug|Any CPU
		{58F5A94B-EACF-47F2-8291-C9A48F8D54E0}.Release|Any CPU.ActiveCfg = Release|Any CPU
		{58F5A94B-EACF-47F2-8291-C9A48F8D54E0}.Release|Any CPU.Build.0 = Release|Any CPU
		{7C60032A-FA42-42B1-B7BE-05B69C5229F1}.Debug|Any CPU.ActiveCfg = Debug|Any CPU
		{7C60032A-FA42-42B1-B7BE-05B69C5229F1}.Debug|Any CPU.Build.0 = Debug|Any CPU
		{7C60032A-FA42-42B1-B7BE-05B69C5229F1}.Release|Any CPU.ActiveCfg = Release|Any CPU
		{7C60032A-FA42-42B1-B7BE-05B69C5229F1}.Release|Any CPU.Build.0 = Release|Any CPU
		{22AA29DB-64F9-4024-BD3F-FA90DBF65E88}.Debug|Any CPU.ActiveCfg = Debug|Any CPU
		{22AA29DB-64F9-4024-BD3F-FA90DBF65E88}.Debug|Any CPU.Build.0 = Debug|Any CPU
		{22AA29DB-64F9-4024-BD3F-FA90DBF65E88}.Release|Any CPU.ActiveCfg = Release|Any CPU
		{22AA29DB-64F9-4024-BD3F-FA90DBF65E88}.Release|Any CPU.Build.0 = Release|Any CPU
		{4D2A05FB-B815-4D52-A246-EBE4740F98DC}.Debug|Any CPU.ActiveCfg = Debug|Any CPU
		{4D2A05FB-B815-4D52-A246-EBE4740F98DC}.Debug|Any CPU.Build.0 = Debug|Any CPU
		{4D2A05FB-B815-4D52-A246-EBE4740F98DC}.Release|Any CPU.ActiveCfg = Release|Any CPU
		{4D2A05FB-B815-4D52-A246-EBE4740F98DC}.Release|Any CPU.Build.0 = Release|Any CPU
		{E3A5A4F3-05EC-4680-ABB7-24E1A0374A18}.Debug|Any CPU.ActiveCfg = Debug|Any CPU
		{E3A5A4F3-05EC-4680-ABB7-24E1A0374A18}.Debug|Any CPU.Build.0 = Debug|Any CPU
		{E3A5A4F3-05EC-4680-ABB7-24E1A0374A18}.Release|Any CPU.ActiveCfg = Release|Any CPU
		{E3A5A4F3-05EC-4680-ABB7-24E1A0374A18}.Release|Any CPU.Build.0 = Release|Any CPU
	EndGlobalSection
	GlobalSection(SolutionProperties) = preSolution
		HideSolutionNode = FALSE
	EndGlobalSection
	GlobalSection(NestedProjects) = preSolution
		{44A99192-0CDA-42E9-B942-257760635C43} = {5FCA8204-91A7-4FF5-B87A-5CCF86A7664E}
		{58F5A94B-EACF-47F2-8291-C9A48F8D54E0} = {5FCA8204-91A7-4FF5-B87A-5CCF86A7664E}
		{7C60032A-FA42-42B1-B7BE-05B69C5229F1} = {5FCA8204-91A7-4FF5-B87A-5CCF86A7664E}
	EndGlobalSection
	GlobalSection(ExtensibilityGlobals) = postSolution
		SolutionGuid = {01A1EC77-1EBB-4A9D-B2A8-C09A601046D4}
	EndGlobalSection
EndGlobal
